// !$*UTF8*$!
{
	archiveVersion = 1;
	classes = {
	};
	objectVersion = 56;
	objects = {

/* Begin PBXBuildFile section */
		DD0781802A13952E00D7A88B /* AppDelegate.swift in Sources */ = {isa = PBXBuildFile; fileRef = DD07817F2A13952E00D7A88B /* AppDelegate.swift */; };
		DD0781822A13952E00D7A88B /* SceneDelegate.swift in Sources */ = {isa = PBXBuildFile; fileRef = DD0781812A13952E00D7A88B /* SceneDelegate.swift */; };
		DD0781842A13952E00D7A88B /* MainViewController.swift in Sources */ = {isa = PBXBuildFile; fileRef = DD0781832A13952E00D7A88B /* MainViewController.swift */; };
		DD0781872A13952E00D7A88B /* Main.storyboard in Resources */ = {isa = PBXBuildFile; fileRef = DD0781852A13952E00D7A88B /* Main.storyboard */; };
		DD0781892A13952F00D7A88B /* Images.xcassets in Resources */ = {isa = PBXBuildFile; fileRef = DD0781882A13952F00D7A88B /* Images.xcassets */; };
		DD07818C2A13952F00D7A88B /* LaunchScreen.storyboard in Resources */ = {isa = PBXBuildFile; fileRef = DD07818A2A13952F00D7A88B /* LaunchScreen.storyboard */; };
		DD0781942A13954100D7A88B /* SpinningWheelLayout.swift in Sources */ = {isa = PBXBuildFile; fileRef = DD0781932A13954100D7A88B /* SpinningWheelLayout.swift */; };
		DD0781972A13991B00D7A88B /* SpinningWheelCollectionViewCell.swift in Sources */ = {isa = PBXBuildFile; fileRef = DD0781962A13991B00D7A88B /* SpinningWheelCollectionViewCell.swift */; };
		DD07819A2A1399BE00D7A88B /* UIViewExtension.swift in Sources */ = {isa = PBXBuildFile; fileRef = DD0781992A1399BE00D7A88B /* UIViewExtension.swift */; };
		DD07819C2A13B6AD00D7A88B /* SpinningWheelItem.swift in Sources */ = {isa = PBXBuildFile; fileRef = DD07819B2A13B6AD00D7A88B /* SpinningWheelItem.swift */; };
		DD07819E2A16B8FB00D7A88B /* UICollectionView+LayoutExtension.swift in Sources */ = {isa = PBXBuildFile; fileRef = DD07819D2A16B8FB00D7A88B /* UICollectionView+LayoutExtension.swift */; };
		DD0781A12A16BB7400D7A88B /* MenuView.swift in Sources */ = {isa = PBXBuildFile; fileRef = DD0781A02A16BB7400D7A88B /* MenuView.swift */; };
		DD0781A42A16BE1E00D7A88B /* UICollectionViewCell+Tools.swift in Sources */ = {isa = PBXBuildFile; fileRef = DD0781A32A16BE1E00D7A88B /* UICollectionViewCell+Tools.swift */; };
		DD0781AA2A16D00000D7A88B /* Colors.xcassets in Resources */ = {isa = PBXBuildFile; fileRef = DD0781A92A16D00000D7A88B /* Colors.xcassets */; };
		DD0781AF2A16D25000D7A88B /* BRHendrix-Bold.ttf in Resources */ = {isa = PBXBuildFile; fileRef = DD0781AE2A16D25000D7A88B /* BRHendrix-Bold.ttf */; };
		DD0781B52A16DCDB00D7A88B /* Colors.swift in Sources */ = {isa = PBXBuildFile; fileRef = DD0781B22A16DCDB00D7A88B /* Colors.swift */; };
		DD0781B62A16DCDB00D7A88B /* Images.swift in Sources */ = {isa = PBXBuildFile; fileRef = DD0781B32A16DCDB00D7A88B /* Images.swift */; };
		DD0781B72A16DCDB00D7A88B /* Fonts.swift in Sources */ = {isa = PBXBuildFile; fileRef = DD0781B42A16DCDB00D7A88B /* Fonts.swift */; };
		DD0781BB2A16DFF400D7A88B /* RoundedButton.swift in Sources */ = {isa = PBXBuildFile; fileRef = DD0781BA2A16DFF400D7A88B /* RoundedButton.swift */; };
		DD0781BD2A16E9E500D7A88B /* UIViewController+Extension.swift in Sources */ = {isa = PBXBuildFile; fileRef = DD0781BC2A16E9E500D7A88B /* UIViewController+Extension.swift */; };
		DD0781C02A16EA2600D7A88B /* NavigationRoute.swift in Sources */ = {isa = PBXBuildFile; fileRef = DD0781BF2A16EA2600D7A88B /* NavigationRoute.swift */; };
		DD0781C22A16F3F800D7A88B /* MenuViewController.swift in Sources */ = {isa = PBXBuildFile; fileRef = DD0781C12A16F3F800D7A88B /* MenuViewController.swift */; };
		DD0781C42A16F40F00D7A88B /* MenuViewController.storyboard in Resources */ = {isa = PBXBuildFile; fileRef = DD0781C32A16F40F00D7A88B /* MenuViewController.storyboard */; };
		DD89A84B2A1810A200D852AF /* UIFont+Extension.swift in Sources */ = {isa = PBXBuildFile; fileRef = DD89A84A2A1810A200D852AF /* UIFont+Extension.swift */; };
		DD89A84D2A181FBD00D852AF /* MenuViewState.swift in Sources */ = {isa = PBXBuildFile; fileRef = DD89A84C2A181FBD00D852AF /* MenuViewState.swift */; };
		DD89A84F2A1832E300D852AF /* CGFloat+Extension.swift in Sources */ = {isa = PBXBuildFile; fileRef = DD89A84E2A1832E300D852AF /* CGFloat+Extension.swift */; };
		DD89A8512A18330800D852AF /* CGAffineTransform+Extension.swift in Sources */ = {isa = PBXBuildFile; fileRef = DD89A8502A18330800D852AF /* CGAffineTransform+Extension.swift */; };
		DD89A8542A1838BC00D852AF /* MenuViewModel.swift in Sources */ = {isa = PBXBuildFile; fileRef = DD89A8532A1838BC00D852AF /* MenuViewModel.swift */; };
		DD89A8562A196C7900D852AF /* HapticFeedbackGenerator.swift in Sources */ = {isa = PBXBuildFile; fileRef = DD89A8552A196C7900D852AF /* HapticFeedbackGenerator.swift */; };
/* End PBXBuildFile section */

/* Begin PBXFileReference section */
		DD07817C2A13952E00D7A88B /* SpinningWheel.app */ = {isa = PBXFileReference; explicitFileType = wrapper.application; includeInIndex = 0; path = SpinningWheel.app; sourceTree = BUILT_PRODUCTS_DIR; };
		DD07817F2A13952E00D7A88B /* AppDelegate.swift */ = {isa = PBXFileReference; lastKnownFileType = sourcecode.swift; path = AppDelegate.swift; sourceTree = "<group>"; };
		DD0781812A13952E00D7A88B /* SceneDelegate.swift */ = {isa = PBXFileReference; lastKnownFileType = sourcecode.swift; path = SceneDelegate.swift; sourceTree = "<group>"; };
		DD0781832A13952E00D7A88B /* MainViewController.swift */ = {isa = PBXFileReference; lastKnownFileType = sourcecode.swift; path = MainViewController.swift; sourceTree = "<group>"; };
		DD0781862A13952E00D7A88B /* Base */ = {isa = PBXFileReference; lastKnownFileType = file.storyboard; name = Base; path = Base.lproj/Main.storyboard; sourceTree = "<group>"; };
		DD0781882A13952F00D7A88B /* Images.xcassets */ = {isa = PBXFileReference; lastKnownFileType = folder.assetcatalog; path = Images.xcassets; sourceTree = "<group>"; };
		DD07818B2A13952F00D7A88B /* Base */ = {isa = PBXFileReference; lastKnownFileType = file.storyboard; name = Base; path = Base.lproj/LaunchScreen.storyboard; sourceTree = "<group>"; };
		DD07818D2A13952F00D7A88B /* Info.plist */ = {isa = PBXFileReference; lastKnownFileType = text.plist.xml; path = Info.plist; sourceTree = "<group>"; };
		DD0781932A13954100D7A88B /* SpinningWheelLayout.swift */ = {isa = PBXFileReference; lastKnownFileType = sourcecode.swift; path = SpinningWheelLayout.swift; sourceTree = "<group>"; };
		DD0781962A13991B00D7A88B /* SpinningWheelCollectionViewCell.swift */ = {isa = PBXFileReference; lastKnownFileType = sourcecode.swift; path = SpinningWheelCollectionViewCell.swift; sourceTree = "<group>"; };
		DD0781992A1399BE00D7A88B /* UIViewExtension.swift */ = {isa = PBXFileReference; lastKnownFileType = sourcecode.swift; path = UIViewExtension.swift; sourceTree = "<group>"; };
		DD07819B2A13B6AD00D7A88B /* SpinningWheelItem.swift */ = {isa = PBXFileReference; lastKnownFileType = sourcecode.swift; path = SpinningWheelItem.swift; sourceTree = "<group>"; };
		DD07819D2A16B8FB00D7A88B /* UICollectionView+LayoutExtension.swift */ = {isa = PBXFileReference; lastKnownFileType = sourcecode.swift; path = "UICollectionView+LayoutExtension.swift"; sourceTree = "<group>"; };
		DD0781A02A16BB7400D7A88B /* MenuView.swift */ = {isa = PBXFileReference; lastKnownFileType = sourcecode.swift; path = MenuView.swift; sourceTree = "<group>"; };
		DD0781A32A16BE1E00D7A88B /* UICollectionViewCell+Tools.swift */ = {isa = PBXFileReference; lastKnownFileType = sourcecode.swift; path = "UICollectionViewCell+Tools.swift"; sourceTree = "<group>"; };
		DD0781A92A16D00000D7A88B /* Colors.xcassets */ = {isa = PBXFileReference; lastKnownFileType = folder.assetcatalog; path = Colors.xcassets; sourceTree = "<group>"; };
		DD0781AE2A16D25000D7A88B /* BRHendrix-Bold.ttf */ = {isa = PBXFileReference; lastKnownFileType = file; path = "BRHendrix-Bold.ttf"; sourceTree = "<group>"; };
		DD0781B22A16DCDB00D7A88B /* Colors.swift */ = {isa = PBXFileReference; fileEncoding = 4; lastKnownFileType = sourcecode.swift; path = Colors.swift; sourceTree = "<group>"; };
		DD0781B32A16DCDB00D7A88B /* Images.swift */ = {isa = PBXFileReference; fileEncoding = 4; lastKnownFileType = sourcecode.swift; path = Images.swift; sourceTree = "<group>"; };
		DD0781B42A16DCDB00D7A88B /* Fonts.swift */ = {isa = PBXFileReference; fileEncoding = 4; lastKnownFileType = sourcecode.swift; path = Fonts.swift; sourceTree = "<group>"; };
		DD0781BA2A16DFF400D7A88B /* RoundedButton.swift */ = {isa = PBXFileReference; lastKnownFileType = sourcecode.swift; path = RoundedButton.swift; sourceTree = "<group>"; };
		DD0781BC2A16E9E500D7A88B /* UIViewController+Extension.swift */ = {isa = PBXFileReference; lastKnownFileType = sourcecode.swift; path = "UIViewController+Extension.swift"; sourceTree = "<group>"; };
		DD0781BF2A16EA2600D7A88B /* NavigationRoute.swift */ = {isa = PBXFileReference; lastKnownFileType = sourcecode.swift; path = NavigationRoute.swift; sourceTree = "<group>"; };
		DD0781C12A16F3F800D7A88B /* MenuViewController.swift */ = {isa = PBXFileReference; lastKnownFileType = sourcecode.swift; path = MenuViewController.swift; sourceTree = "<group>"; };
		DD0781C32A16F40F00D7A88B /* MenuViewController.storyboard */ = {isa = PBXFileReference; lastKnownFileType = file.storyboard; path = MenuViewController.storyboard; sourceTree = "<group>"; };
		DD89A84A2A1810A200D852AF /* UIFont+Extension.swift */ = {isa = PBXFileReference; lastKnownFileType = sourcecode.swift; path = "UIFont+Extension.swift"; sourceTree = "<group>"; };
		DD89A84C2A181FBD00D852AF /* MenuViewState.swift */ = {isa = PBXFileReference; lastKnownFileType = sourcecode.swift; path = MenuViewState.swift; sourceTree = "<group>"; };
		DD89A84E2A1832E300D852AF /* CGFloat+Extension.swift */ = {isa = PBXFileReference; lastKnownFileType = sourcecode.swift; path = "CGFloat+Extension.swift"; sourceTree = "<group>"; };
		DD89A8502A18330800D852AF /* CGAffineTransform+Extension.swift */ = {isa = PBXFileReference; lastKnownFileType = sourcecode.swift; path = "CGAffineTransform+Extension.swift"; sourceTree = "<group>"; };
		DD89A8532A1838BC00D852AF /* MenuViewModel.swift */ = {isa = PBXFileReference; lastKnownFileType = sourcecode.swift; path = MenuViewModel.swift; sourceTree = "<group>"; };
		DD89A8552A196C7900D852AF /* HapticFeedbackGenerator.swift */ = {isa = PBXFileReference; lastKnownFileType = sourcecode.swift; path = HapticFeedbackGenerator.swift; sourceTree = "<group>"; };
/* End PBXFileReference section */

/* Begin PBXFrameworksBuildPhase section */
		DD0781792A13952E00D7A88B /* Frameworks */ = {
			isa = PBXFrameworksBuildPhase;
			buildActionMask = 2147483647;
			files = (
			);
			runOnlyForDeploymentPostprocessing = 0;
		};
/* End PBXFrameworksBuildPhase section */

/* Begin PBXGroup section */
		DD0781732A13952E00D7A88B = {
			isa = PBXGroup;
			children = (
				DD07817E2A13952E00D7A88B /* SpinningWheel */,
				DD07817D2A13952E00D7A88B /* Products */,
			);
			sourceTree = "<group>";
		};
		DD07817D2A13952E00D7A88B /* Products */ = {
			isa = PBXGroup;
			children = (
				DD07817C2A13952E00D7A88B /* SpinningWheel.app */,
			);
			name = Products;
			sourceTree = "<group>";
		};
		DD07817E2A13952E00D7A88B /* SpinningWheel */ = {
			isa = PBXGroup;
			children = (
				DD0781B12A16DAAF00D7A88B /* App */,
				DD0781B82A16DFD700D7A88B /* Common */,
				DD0781982A1399B100D7A88B /* Extensions */,
				DD0781A52A16CDD400D7A88B /* Modules */,
				DD0781AB2A16D11A00D7A88B /* Resources */,
				DD0781952A1398EF00D7A88B /* SpinningWheelElements */,
				DD0781A22A16BDF900D7A88B /* Tools */,
				DD07818D2A13952F00D7A88B /* Info.plist */,
			);
			path = SpinningWheel;
			sourceTree = "<group>";
		};
		DD0781952A1398EF00D7A88B /* SpinningWheelElements */ = {
			isa = PBXGroup;
			children = (
				DD0781932A13954100D7A88B /* SpinningWheelLayout.swift */,
				DD0781962A13991B00D7A88B /* SpinningWheelCollectionViewCell.swift */,
				DD07819B2A13B6AD00D7A88B /* SpinningWheelItem.swift */,
			);
			path = SpinningWheelElements;
			sourceTree = "<group>";
		};
		DD0781982A1399B100D7A88B /* Extensions */ = {
			isa = PBXGroup;
			children = (
				DD0781992A1399BE00D7A88B /* UIViewExtension.swift */,
				DD07819D2A16B8FB00D7A88B /* UICollectionView+LayoutExtension.swift */,
				DD0781BC2A16E9E500D7A88B /* UIViewController+Extension.swift */,
				DD89A84A2A1810A200D852AF /* UIFont+Extension.swift */,
				DD89A84E2A1832E300D852AF /* CGFloat+Extension.swift */,
				DD89A8502A18330800D852AF /* CGAffineTransform+Extension.swift */,
			);
			path = Extensions;
			sourceTree = "<group>";
		};
		DD07819F2A16BB5200D7A88B /* MenuView */ = {
			isa = PBXGroup;
			children = (
				DD0781A02A16BB7400D7A88B /* MenuView.swift */,
				DD89A84C2A181FBD00D852AF /* MenuViewState.swift */,
			);
			path = MenuView;
			sourceTree = "<group>";
		};
		DD0781A22A16BDF900D7A88B /* Tools */ = {
			isa = PBXGroup;
			children = (
				DD0781A32A16BE1E00D7A88B /* UICollectionViewCell+Tools.swift */,
			);
			path = Tools;
			sourceTree = "<group>";
		};
		DD0781A52A16CDD400D7A88B /* Modules */ = {
			isa = PBXGroup;
			children = (
				DD0781A62A16CDEB00D7A88B /* Main */,
				DD0781A72A16CE1200D7A88B /* Menu */,
			);
			path = Modules;
			sourceTree = "<group>";
		};
		DD0781A62A16CDEB00D7A88B /* Main */ = {
			isa = PBXGroup;
			children = (
				DD0781852A13952E00D7A88B /* Main.storyboard */,
				DD0781832A13952E00D7A88B /* MainViewController.swift */,
			);
			path = Main;
			sourceTree = "<group>";
		};
		DD0781A72A16CE1200D7A88B /* Menu */ = {
			isa = PBXGroup;
			children = (
				DD07819F2A16BB5200D7A88B /* MenuView */,
				DD0781A82A16CE1E00D7A88B /* MenuViewController */,
			);
			path = Menu;
			sourceTree = "<group>";
		};
		DD0781A82A16CE1E00D7A88B /* MenuViewController */ = {
			isa = PBXGroup;
			children = (
				DD0781C12A16F3F800D7A88B /* MenuViewController.swift */,
				DD0781C32A16F40F00D7A88B /* MenuViewController.storyboard */,
				DD89A8532A1838BC00D852AF /* MenuViewModel.swift */,
			);
			path = MenuViewController;
			sourceTree = "<group>";
		};
		DD0781AB2A16D11A00D7A88B /* Resources */ = {
			isa = PBXGroup;
			children = (
				DD0781B02A16D3AF00D7A88B /* Assets */,
				DD0781AD2A16D23600D7A88B /* Fonts */,
				DD0781AC2A16D12A00D7A88B /* Autogenerated */,
			);
			path = Resources;
			sourceTree = "<group>";
		};
		DD0781AC2A16D12A00D7A88B /* Autogenerated */ = {
			isa = PBXGroup;
			children = (
				DD0781B22A16DCDB00D7A88B /* Colors.swift */,
				DD0781B42A16DCDB00D7A88B /* Fonts.swift */,
				DD0781B32A16DCDB00D7A88B /* Images.swift */,
			);
			path = Autogenerated;
			sourceTree = "<group>";
		};
		DD0781AD2A16D23600D7A88B /* Fonts */ = {
			isa = PBXGroup;
			children = (
				DD0781AE2A16D25000D7A88B /* BRHendrix-Bold.ttf */,
			);
			path = Fonts;
			sourceTree = "<group>";
		};
		DD0781B02A16D3AF00D7A88B /* Assets */ = {
			isa = PBXGroup;
			children = (
				DD0781882A13952F00D7A88B /* Images.xcassets */,
				DD0781A92A16D00000D7A88B /* Colors.xcassets */,
			);
			path = Assets;
			sourceTree = "<group>";
		};
		DD0781B12A16DAAF00D7A88B /* App */ = {
			isa = PBXGroup;
			children = (
				DD07817F2A13952E00D7A88B /* AppDelegate.swift */,
				DD0781812A13952E00D7A88B /* SceneDelegate.swift */,
				DD07818A2A13952F00D7A88B /* LaunchScreen.storyboard */,
			);
			path = App;
			sourceTree = "<group>";
		};
		DD0781B82A16DFD700D7A88B /* Common */ = {
			isa = PBXGroup;
			children = (
				DD0781BE2A16EA1500D7A88B /* Navigation */,
				DD0781B92A16DFE500D7A88B /* RoundedButton */,
				DD89A8552A196C7900D852AF /* HapticFeedbackGenerator.swift */,
			);
			path = Common;
			sourceTree = "<group>";
		};
		DD0781B92A16DFE500D7A88B /* RoundedButton */ = {
			isa = PBXGroup;
			children = (
				DD0781BA2A16DFF400D7A88B /* RoundedButton.swift */,
			);
			path = RoundedButton;
			sourceTree = "<group>";
		};
		DD0781BE2A16EA1500D7A88B /* Navigation */ = {
			isa = PBXGroup;
			children = (
				DD0781BF2A16EA2600D7A88B /* NavigationRoute.swift */,
			);
			path = Navigation;
			sourceTree = "<group>";
		};
/* End PBXGroup section */

/* Begin PBXNativeTarget section */
		DD07817B2A13952E00D7A88B /* SpinningWheel */ = {
			isa = PBXNativeTarget;
			buildConfigurationList = DD0781902A13952F00D7A88B /* Build configuration list for PBXNativeTarget "SpinningWheel" */;
			buildPhases = (
				DD0781782A13952E00D7A88B /* Sources */,
				DD0781792A13952E00D7A88B /* Frameworks */,
				DD07817A2A13952E00D7A88B /* Resources */,
			);
			buildRules = (
			);
			dependencies = (
			);
			name = SpinningWheel;
			productName = SpinningWheel;
			productReference = DD07817C2A13952E00D7A88B /* SpinningWheel.app */;
			productType = "com.apple.product-type.application";
		};
/* End PBXNativeTarget section */

/* Begin PBXProject section */
		DD0781742A13952E00D7A88B /* Project object */ = {
			isa = PBXProject;
			attributes = {
				BuildIndependentTargetsInParallel = 1;
				LastSwiftUpdateCheck = 1430;
				LastUpgradeCheck = 1430;
				TargetAttributes = {
					DD07817B2A13952E00D7A88B = {
						CreatedOnToolsVersion = 14.3;
					};
				};
			};
			buildConfigurationList = DD0781772A13952E00D7A88B /* Build configuration list for PBXProject "SpinningWheel" */;
			compatibilityVersion = "Xcode 14.0";
			developmentRegion = en;
			hasScannedForEncodings = 0;
			knownRegions = (
				en,
				Base,
			);
			mainGroup = DD0781732A13952E00D7A88B;
			productRefGroup = DD07817D2A13952E00D7A88B /* Products */;
			projectDirPath = "";
			projectRoot = "";
			targets = (
				DD07817B2A13952E00D7A88B /* SpinningWheel */,
			);
		};
/* End PBXProject section */

/* Begin PBXResourcesBuildPhase section */
		DD07817A2A13952E00D7A88B /* Resources */ = {
			isa = PBXResourcesBuildPhase;
			buildActionMask = 2147483647;
			files = (
				DD07818C2A13952F00D7A88B /* LaunchScreen.storyboard in Resources */,
				DD0781AF2A16D25000D7A88B /* BRHendrix-Bold.ttf in Resources */,
				DD0781C42A16F40F00D7A88B /* MenuViewController.storyboard in Resources */,
				DD0781AA2A16D00000D7A88B /* Colors.xcassets in Resources */,
				DD0781892A13952F00D7A88B /* Images.xcassets in Resources */,
				DD0781872A13952E00D7A88B /* Main.storyboard in Resources */,
			);
			runOnlyForDeploymentPostprocessing = 0;
		};
/* End PBXResourcesBuildPhase section */

/* Begin PBXSourcesBuildPhase section */
		DD0781782A13952E00D7A88B /* Sources */ = {
			isa = PBXSourcesBuildPhase;
			buildActionMask = 2147483647;
			files = (
				DD89A8512A18330800D852AF /* CGAffineTransform+Extension.swift in Sources */,
				DD07819C2A13B6AD00D7A88B /* SpinningWheelItem.swift in Sources */,
				DD0781B62A16DCDB00D7A88B /* Images.swift in Sources */,
				DD0781B72A16DCDB00D7A88B /* Fonts.swift in Sources */,
				DD0781BD2A16E9E500D7A88B /* UIViewController+Extension.swift in Sources */,
				DD89A8542A1838BC00D852AF /* MenuViewModel.swift in Sources */,
				DD0781B52A16DCDB00D7A88B /* Colors.swift in Sources */,
				DD07819A2A1399BE00D7A88B /* UIViewExtension.swift in Sources */,
				DD89A84B2A1810A200D852AF /* UIFont+Extension.swift in Sources */,
				DD0781A42A16BE1E00D7A88B /* UICollectionViewCell+Tools.swift in Sources */,
				DD89A84D2A181FBD00D852AF /* MenuViewState.swift in Sources */,
				DD0781972A13991B00D7A88B /* SpinningWheelCollectionViewCell.swift in Sources */,
				DD0781842A13952E00D7A88B /* MainViewController.swift in Sources */,
				DD0781A12A16BB7400D7A88B /* MenuView.swift in Sources */,
				DD07819E2A16B8FB00D7A88B /* UICollectionView+LayoutExtension.swift in Sources */,
				DD0781C22A16F3F800D7A88B /* MenuViewController.swift in Sources */,
				DD89A84F2A1832E300D852AF /* CGFloat+Extension.swift in Sources */,
				DD0781942A13954100D7A88B /* SpinningWheelLayout.swift in Sources */,
				DD89A8562A196C7900D852AF /* HapticFeedbackGenerator.swift in Sources */,
				DD0781BB2A16DFF400D7A88B /* RoundedButton.swift in Sources */,
				DD0781802A13952E00D7A88B /* AppDelegate.swift in Sources */,
				DD0781822A13952E00D7A88B /* SceneDelegate.swift in Sources */,
				DD0781C02A16EA2600D7A88B /* NavigationRoute.swift in Sources */,
			);
			runOnlyForDeploymentPostprocessing = 0;
		};
/* End PBXSourcesBuildPhase section */

/* Begin PBXVariantGroup section */
		DD0781852A13952E00D7A88B /* Main.storyboard */ = {
			isa = PBXVariantGroup;
			children = (
				DD0781862A13952E00D7A88B /* Base */,
			);
			name = Main.storyboard;
			sourceTree = "<group>";
		};
		DD07818A2A13952F00D7A88B /* LaunchScreen.storyboard */ = {
			isa = PBXVariantGroup;
			children = (
				DD07818B2A13952F00D7A88B /* Base */,
			);
			name = LaunchScreen.storyboard;
			sourceTree = "<group>";
		};
/* End PBXVariantGroup section */

/* Begin XCBuildConfiguration section */
		DD07818E2A13952F00D7A88B /* Debug */ = {
			isa = XCBuildConfiguration;
			buildSettings = {
				ALWAYS_SEARCH_USER_PATHS = NO;
				CLANG_ANALYZER_NONNULL = YES;
				CLANG_ANALYZER_NUMBER_OBJECT_CONVERSION = YES_AGGRESSIVE;
				CLANG_CXX_LANGUAGE_STANDARD = "gnu++20";
				CLANG_ENABLE_MODULES = YES;
				CLANG_ENABLE_OBJC_ARC = YES;
				CLANG_ENABLE_OBJC_WEAK = YES;
				CLANG_WARN_BLOCK_CAPTURE_AUTORELEASING = YES;
				CLANG_WARN_BOOL_CONVERSION = YES;
				CLANG_WARN_COMMA = YES;
				CLANG_WARN_CONSTANT_CONVERSION = YES;
				CLANG_WARN_DEPRECATED_OBJC_IMPLEMENTATIONS = YES;
				CLANG_WARN_DIRECT_OBJC_ISA_USAGE = YES_ERROR;
				CLANG_WARN_DOCUMENTATION_COMMENTS = YES;
				CLANG_WARN_EMPTY_BODY = YES;
				CLANG_WARN_ENUM_CONVERSION = YES;
				CLANG_WARN_INFINITE_RECURSION = YES;
				CLANG_WARN_INT_CONVERSION = YES;
				CLANG_WARN_NON_LITERAL_NULL_CONVERSION = YES;
				CLANG_WARN_OBJC_IMPLICIT_RETAIN_SELF = YES;
				CLANG_WARN_OBJC_LITERAL_CONVERSION = YES;
				CLANG_WARN_OBJC_ROOT_CLASS = YES_ERROR;
				CLANG_WARN_QUOTED_INCLUDE_IN_FRAMEWORK_HEADER = YES;
				CLANG_WARN_RANGE_LOOP_ANALYSIS = YES;
				CLANG_WARN_STRICT_PROTOTYPES = YES;
				CLANG_WARN_SUSPICIOUS_MOVE = YES;
				CLANG_WARN_UNGUARDED_AVAILABILITY = YES_AGGRESSIVE;
				CLANG_WARN_UNREACHABLE_CODE = YES;
				CLANG_WARN__DUPLICATE_METHOD_MATCH = YES;
				COPY_PHASE_STRIP = NO;
				DEBUG_INFORMATION_FORMAT = dwarf;
				ENABLE_STRICT_OBJC_MSGSEND = YES;
				ENABLE_TESTABILITY = YES;
				GCC_C_LANGUAGE_STANDARD = gnu11;
				GCC_DYNAMIC_NO_PIC = NO;
				GCC_NO_COMMON_BLOCKS = YES;
				GCC_OPTIMIZATION_LEVEL = 0;
				GCC_PREPROCESSOR_DEFINITIONS = (
					"DEBUG=1",
					"$(inherited)",
				);
				GCC_WARN_64_TO_32_BIT_CONVERSION = YES;
				GCC_WARN_ABOUT_RETURN_TYPE = YES_ERROR;
				GCC_WARN_UNDECLARED_SELECTOR = YES;
				GCC_WARN_UNINITIALIZED_AUTOS = YES_AGGRESSIVE;
				GCC_WARN_UNUSED_FUNCTION = YES;
				GCC_WARN_UNUSED_VARIABLE = YES;
				IPHONEOS_DEPLOYMENT_TARGET = 16.4;
				MTL_ENABLE_DEBUG_INFO = INCLUDE_SOURCE;
				MTL_FAST_MATH = YES;
				ONLY_ACTIVE_ARCH = YES;
				SDKROOT = iphoneos;
				SWIFT_ACTIVE_COMPILATION_CONDITIONS = DEBUG;
				SWIFT_OPTIMIZATION_LEVEL = "-Onone";
			};
			name = Debug;
		};
		DD07818F2A13952F00D7A88B /* Release */ = {
			isa = XCBuildConfiguration;
			buildSettings = {
				ALWAYS_SEARCH_USER_PATHS = NO;
				CLANG_ANALYZER_NONNULL = YES;
				CLANG_ANALYZER_NUMBER_OBJECT_CONVERSION = YES_AGGRESSIVE;
				CLANG_CXX_LANGUAGE_STANDARD = "gnu++20";
				CLANG_ENABLE_MODULES = YES;
				CLANG_ENABLE_OBJC_ARC = YES;
				CLANG_ENABLE_OBJC_WEAK = YES;
				CLANG_WARN_BLOCK_CAPTURE_AUTORELEASING = YES;
				CLANG_WARN_BOOL_CONVERSION = YES;
				CLANG_WARN_COMMA = YES;
				CLANG_WARN_CONSTANT_CONVERSION = YES;
				CLANG_WARN_DEPRECATED_OBJC_IMPLEMENTATIONS = YES;
				CLANG_WARN_DIRECT_OBJC_ISA_USAGE = YES_ERROR;
				CLANG_WARN_DOCUMENTATION_COMMENTS = YES;
				CLANG_WARN_EMPTY_BODY = YES;
				CLANG_WARN_ENUM_CONVERSION = YES;
				CLANG_WARN_INFINITE_RECURSION = YES;
				CLANG_WARN_INT_CONVERSION = YES;
				CLANG_WARN_NON_LITERAL_NULL_CONVERSION = YES;
				CLANG_WARN_OBJC_IMPLICIT_RETAIN_SELF = YES;
				CLANG_WARN_OBJC_LITERAL_CONVERSION = YES;
				CLANG_WARN_OBJC_ROOT_CLASS = YES_ERROR;
				CLANG_WARN_QUOTED_INCLUDE_IN_FRAMEWORK_HEADER = YES;
				CLANG_WARN_RANGE_LOOP_ANALYSIS = YES;
				CLANG_WARN_STRICT_PROTOTYPES = YES;
				CLANG_WARN_SUSPICIOUS_MOVE = YES;
				CLANG_WARN_UNGUARDED_AVAILABILITY = YES_AGGRESSIVE;
				CLANG_WARN_UNREACHABLE_CODE = YES;
				CLANG_WARN__DUPLICATE_METHOD_MATCH = YES;
				COPY_PHASE_STRIP = NO;
				DEBUG_INFORMATION_FORMAT = "dwarf-with-dsym";
				ENABLE_NS_ASSERTIONS = NO;
				ENABLE_STRICT_OBJC_MSGSEND = YES;
				GCC_C_LANGUAGE_STANDARD = gnu11;
				GCC_NO_COMMON_BLOCKS = YES;
				GCC_WARN_64_TO_32_BIT_CONVERSION = YES;
				GCC_WARN_ABOUT_RETURN_TYPE = YES_ERROR;
				GCC_WARN_UNDECLARED_SELECTOR = YES;
				GCC_WARN_UNINITIALIZED_AUTOS = YES_AGGRESSIVE;
				GCC_WARN_UNUSED_FUNCTION = YES;
				GCC_WARN_UNUSED_VARIABLE = YES;
				IPHONEOS_DEPLOYMENT_TARGET = 16.4;
				MTL_ENABLE_DEBUG_INFO = NO;
				MTL_FAST_MATH = YES;
				SDKROOT = iphoneos;
				SWIFT_COMPILATION_MODE = wholemodule;
				SWIFT_OPTIMIZATION_LEVEL = "-O";
				VALIDATE_PRODUCT = YES;
			};
			name = Release;
		};
		DD0781912A13952F00D7A88B /* Debug */ = {
			isa = XCBuildConfiguration;
			buildSettings = {
				ASSETCATALOG_COMPILER_APPICON_NAME = AppIcon;
				ASSETCATALOG_COMPILER_GLOBAL_ACCENT_COLOR_NAME = AccentColor;
				CODE_SIGN_STYLE = Automatic;
				CURRENT_PROJECT_VERSION = 1;
				DEVELOPMENT_TEAM = Z7W5FG75SL;
				GENERATE_INFOPLIST_FILE = YES;
				INFOPLIST_FILE = SpinningWheel/Info.plist;
				INFOPLIST_KEY_UIApplicationSupportsIndirectInputEvents = YES;
				INFOPLIST_KEY_UILaunchStoryboardName = LaunchScreen;
				INFOPLIST_KEY_UIMainStoryboardFile = Main;
				INFOPLIST_KEY_UISupportedInterfaceOrientations_iPad = "UIInterfaceOrientationPortrait UIInterfaceOrientationPortraitUpsideDown UIInterfaceOrientationLandscapeLeft UIInterfaceOrientationLandscapeRight";
				INFOPLIST_KEY_UISupportedInterfaceOrientations_iPhone = "UIInterfaceOrientationPortrait UIInterfaceOrientationLandscapeLeft UIInterfaceOrientationLandscapeRight";
				IPHONEOS_DEPLOYMENT_TARGET = 16.2;
				LD_RUNPATH_SEARCH_PATHS = (
					"$(inherited)",
					"@executable_path/Frameworks",
				);
				MARKETING_VERSION = 1.0;
				PRODUCT_BUNDLE_IDENTIFIER = nikitalazarev.test.SpinningWheel;
				PRODUCT_NAME = "$(TARGET_NAME)";
				SWIFT_EMIT_LOC_STRINGS = YES;
				SWIFT_VERSION = 5.0;
				TARGETED_DEVICE_FAMILY = "1,2";
			};
			name = Debug;
		};
		DD0781922A13952F00D7A88B /* Release */ = {
			isa = XCBuildConfiguration;
			buildSettings = {
				ASSETCATALOG_COMPILER_APPICON_NAME = AppIcon;
				ASSETCATALOG_COMPILER_GLOBAL_ACCENT_COLOR_NAME = AccentColor;
				CODE_SIGN_STYLE = Automatic;
				CURRENT_PROJECT_VERSION = 1;
				DEVELOPMENT_TEAM = Z7W5FG75SL;
				GENERATE_INFOPLIST_FILE = YES;
				INFOPLIST_FILE = SpinningWheel/Info.plist;
				INFOPLIST_KEY_UIApplicationSupportsIndirectInputEvents = YES;
				INFOPLIST_KEY_UILaunchStoryboardName = LaunchScreen;
				INFOPLIST_KEY_UIMainStoryboardFile = Main;
				INFOPLIST_KEY_UISupportedInterfaceOrientations_iPad = "UIInterfaceOrientationPortrait UIInterfaceOrientationPortraitUpsideDown UIInterfaceOrientationLandscapeLeft UIInterfaceOrientationLandscapeRight";
				INFOPLIST_KEY_UISupportedInterfaceOrientations_iPhone = "UIInterfaceOrientationPortrait UIInterfaceOrientationLandscapeLeft UIInterfaceOrientationLandscapeRight";
				IPHONEOS_DEPLOYMENT_TARGET = 16.2;
				LD_RUNPATH_SEARCH_PATHS = (
					"$(inherited)",
					"@executable_path/Frameworks",
				);
				MARKETING_VERSION = 1.0;
				PRODUCT_BUNDLE_IDENTIFIER = nikitalazarev.test.SpinningWheel;
				PRODUCT_NAME = "$(TARGET_NAME)";
				SWIFT_EMIT_LOC_STRINGS = YES;
				SWIFT_VERSION = 5.0;
				TARGETED_DEVICE_FAMILY = "1,2";
			};
			name = Release;
		};
/* End XCBuildConfiguration section */

/* Begin XCConfigurationList section */
		DD0781772A13952E00D7A88B /* Build configuration list for PBXProject "SpinningWheel" */ = {
			isa = XCConfigurationList;
			buildConfigurations = (
				DD07818E2A13952F00D7A88B /* Debug */,
				DD07818F2A13952F00D7A88B /* Release */,
			);
			defaultConfigurationIsVisible = 0;
			defaultConfigurationName = Release;
		};
		DD0781902A13952F00D7A88B /* Build configuration list for PBXNativeTarget "SpinningWheel" */ = {
			isa = XCConfigurationList;
			buildConfigurations = (
				DD0781912A13952F00D7A88B /* Debug */,
				DD0781922A13952F00D7A88B /* Release */,
			);
			defaultConfigurationIsVisible = 0;
			defaultConfigurationName = Release;
		};
/* End XCConfigurationList section */
	};
	rootObject = DD0781742A13952E00D7A88B /* Project object */;
}
