// !$*UTF8*$!
{
	archiveVersion = 1;
	classes = {
	};
	objectVersion = 56;
	objects = {

/* Begin PBXBuildFile section */
		DD0781802A13952E00D7A88B /* AppDelegate.swift in Sources */ = {isa = PBXBuildFile; fileRef = DD07817F2A13952E00D7A88B /* AppDelegate.swift */; };
		DD0781822A13952E00D7A88B /* SceneDelegate.swift in Sources */ = {isa = PBXBuildFile; fileRef = DD0781812A13952E00D7A88B /* SceneDelegate.swift */; };
		DD0781842A13952E00D7A88B /* ViewController.swift in Sources */ = {isa = PBXBuildFile; fileRef = DD0781832A13952E00D7A88B /* ViewController.swift */; };
		DD0781872A13952E00D7A88B /* Main.storyboard in Resources */ = {isa = PBXBuildFile; fileRef = DD0781852A13952E00D7A88B /* Main.storyboard */; };
		DD0781892A13952F00D7A88B /* Assets.xcassets in Resources */ = {isa = PBXBuildFile; fileRef = DD0781882A13952F00D7A88B /* Assets.xcassets */; };
		DD07818C2A13952F00D7A88B /* LaunchScreen.storyboard in Resources */ = {isa = PBXBuildFile; fileRef = DD07818A2A13952F00D7A88B /* LaunchScreen.storyboard */; };
		DD0781942A13954100D7A88B /* SpinningWheelLayout.swift in Sources */ = {isa = PBXBuildFile; fileRef = DD0781932A13954100D7A88B /* SpinningWheelLayout.swift */; };
		DD0781972A13991B00D7A88B /* SpinningWheelCollectionViewCell.swift in Sources */ = {isa = PBXBuildFile; fileRef = DD0781962A13991B00D7A88B /* SpinningWheelCollectionViewCell.swift */; };
		DD07819A2A1399BE00D7A88B /* UIViewExtension.swift in Sources */ = {isa = PBXBuildFile; fileRef = DD0781992A1399BE00D7A88B /* UIViewExtension.swift */; };
		DD07819C2A13B6AD00D7A88B /* SpinningWheelItem.swift in Sources */ = {isa = PBXBuildFile; fileRef = DD07819B2A13B6AD00D7A88B /* SpinningWheelItem.swift */; };
/* End PBXBuildFile section */

/* Begin PBXFileReference section */
		DD07817C2A13952E00D7A88B /* SpinningWheel.app */ = {isa = PBXFileReference; explicitFileType = wrapper.application; includeInIndex = 0; path = SpinningWheel.app; sourceTree = BUILT_PRODUCTS_DIR; };
		DD07817F2A13952E00D7A88B /* AppDelegate.swift */ = {isa = PBXFileReference; lastKnownFileType = sourcecode.swift; path = AppDelegate.swift; sourceTree = "<group>"; };
		DD0781812A13952E00D7A88B /* SceneDelegate.swift */ = {isa = PBXFileReference; lastKnownFileType = sourcecode.swift; path = SceneDelegate.swift; sourceTree = "<group>"; };
		DD0781832A13952E00D7A88B /* ViewController.swift */ = {isa = PBXFileReference; lastKnownFileType = sourcecode.swift; path = ViewController.swift; sourceTree = "<group>"; };
		DD0781862A13952E00D7A88B /* Base */ = {isa = PBXFileReference; lastKnownFileType = file.storyboard; name = Base; path = Base.lproj/Main.storyboard; sourceTree = "<group>"; };
		DD0781882A13952F00D7A88B /* Assets.xcassets */ = {isa = PBXFileReference; lastKnownFileType = folder.assetcatalog; path = Assets.xcassets; sourceTree = "<group>"; };
		DD07818B2A13952F00D7A88B /* Base */ = {isa = PBXFileReference; lastKnownFileType = file.storyboard; name = Base; path = Base.lproj/LaunchScreen.storyboard; sourceTree = "<group>"; };
		DD07818D2A13952F00D7A88B /* Info.plist */ = {isa = PBXFileReference; lastKnownFileType = text.plist.xml; path = Info.plist; sourceTree = "<group>"; };
		DD0781932A13954100D7A88B /* SpinningWheelLayout.swift */ = {isa = PBXFileReference; lastKnownFileType = sourcecode.swift; path = SpinningWheelLayout.swift; sourceTree = "<group>"; };
		DD0781962A13991B00D7A88B /* SpinningWheelCollectionViewCell.swift */ = {isa = PBXFileReference; lastKnownFileType = sourcecode.swift; path = SpinningWheelCollectionViewCell.swift; sourceTree = "<group>"; };
		DD0781992A1399BE00D7A88B /* UIViewExtension.swift */ = {isa = PBXFileReference; lastKnownFileType = sourcecode.swift; path = UIViewExtension.swift; sourceTree = "<group>"; };
		DD07819B2A13B6AD00D7A88B /* SpinningWheelItem.swift */ = {isa = PBXFileReference; lastKnownFileType = sourcecode.swift; path = SpinningWheelItem.swift; sourceTree = "<group>"; };
/* End PBXFileReference section */

/* Begin PBXFrameworksBuildPhase section */
		DD0781792A13952E00D7A88B /* Frameworks */ = {
			isa = PBXFrameworksBuildPhase;
			buildActionMask = 2147483647;
			files = (
			);
			runOnlyForDeploymentPostprocessing = 0;
		};
/* End PBXFrameworksBuildPhase section */

/* Begin PBXGroup section */
		DD0781732A13952E00D7A88B = {
			isa = PBXGroup;
			children = (
				DD07817E2A13952E00D7A88B /* SpinningWheel */,
				DD07817D2A13952E00D7A88B /* Products */,
			);
			sourceTree = "<group>";
		};
		DD07817D2A13952E00D7A88B /* Products */ = {
			isa = PBXGroup;
			children = (
				DD07817C2A13952E00D7A88B /* SpinningWheel.app */,
			);
			name = Products;
			sourceTree = "<group>";
		};
		DD07817E2A13952E00D7A88B /* SpinningWheel */ = {
			isa = PBXGroup;
			children = (
				DD0781982A1399B100D7A88B /* Extensions */,
				DD0781952A1398EF00D7A88B /* SpinningWheelElements */,
				DD07817F2A13952E00D7A88B /* AppDelegate.swift */,
				DD0781812A13952E00D7A88B /* SceneDelegate.swift */,
				DD0781832A13952E00D7A88B /* ViewController.swift */,
				DD0781852A13952E00D7A88B /* Main.storyboard */,
				DD0781882A13952F00D7A88B /* Assets.xcassets */,
				DD07818A2A13952F00D7A88B /* LaunchScreen.storyboard */,
				DD07818D2A13952F00D7A88B /* Info.plist */,
			);
			path = SpinningWheel;
			sourceTree = "<group>";
		};
		DD0781952A1398EF00D7A88B /* SpinningWheelElements */ = {
			isa = PBXGroup;
			children = (
				DD0781932A13954100D7A88B /* SpinningWheelLayout.swift */,
				DD0781962A13991B00D7A88B /* SpinningWheelCollectionViewCell.swift */,
				DD07819B2A13B6AD00D7A88B /* SpinningWheelItem.swift */,
			);
			path = SpinningWheelElements;
			sourceTree = "<group>";
		};
		DD0781982A1399B100D7A88B /* Extensions */ = {
			isa = PBXGroup;
			children = (
				DD0781992A1399BE00D7A88B /* UIViewExtension.swift */,
			);
			path = Extensions;
			sourceTree = "<group>";
		};
/* End PBXGroup section */

/* Begin PBXNativeTarget section */
		DD07817B2A13952E00D7A88B /* SpinningWheel */ = {
			isa = PBXNativeTarget;
			buildConfigurationList = DD0781902A13952F00D7A88B /* Build configuration list for PBXNativeTarget "SpinningWheel" */;
			buildPhases = (
				DD0781782A13952E00D7A88B /* Sources */,
				DD0781792A13952E00D7A88B /* Frameworks */,
				DD07817A2A13952E00D7A88B /* Resources */,
			);
			buildRules = (
			);
			dependencies = (
			);
			name = SpinningWheel;
			productName = SpinningWheel;
			productReference = DD07817C2A13952E00D7A88B /* SpinningWheel.app */;
			productType = "com.apple.product-type.application";
		};
/* End PBXNativeTarget section */

/* Begin PBXProject section */
		DD0781742A13952E00D7A88B /* Project object */ = {
			isa = PBXProject;
			attributes = {
				BuildIndependentTargetsInParallel = 1;
				LastSwiftUpdateCheck = 1430;
				LastUpgradeCheck = 1430;
				TargetAttributes = {
					DD07817B2A13952E00D7A88B = {
						CreatedOnToolsVersion = 14.3;
					};
				};
			};
			buildConfigurationList = DD0781772A13952E00D7A88B /* Build configuration list for PBXProject "SpinningWheel" */;
			compatibilityVersion = "Xcode 14.0";
			developmentRegion = en;
			hasScannedForEncodings = 0;
			knownRegions = (
				en,
				Base,
			);
			mainGroup = DD0781732A13952E00D7A88B;
			productRefGroup = DD07817D2A13952E00D7A88B /* Products */;
			projectDirPath = "";
			projectRoot = "";
			targets = (
				DD07817B2A13952E00D7A88B /* SpinningWheel */,
			);
		};
/* End PBXProject section */

/* Begin PBXResourcesBuildPhase section */
		DD07817A2A13952E00D7A88B /* Resources */ = {
			isa = PBXResourcesBuildPhase;
			buildActionMask = 2147483647;
			files = (
				DD07818C2A13952F00D7A88B /* LaunchScreen.storyboard in Resources */,
				DD0781892A13952F00D7A88B /* Assets.xcassets in Resources */,
				DD0781872A13952E00D7A88B /* Main.storyboard in Resources */,
			);
			runOnlyForDeploymentPostprocessing = 0;
		};
/* End PBXResourcesBuildPhase section */

/* Begin PBXSourcesBuildPhase section */
		DD0781782A13952E00D7A88B /* Sources */ = {
			isa = PBXSourcesBuildPhase;
			buildActionMask = 2147483647;
			files = (
				DD07819C2A13B6AD00D7A88B /* SpinningWheelItem.swift in Sources */,
				DD07819A2A1399BE00D7A88B /* UIViewExtension.swift in Sources */,
				DD0781972A13991B00D7A88B /* SpinningWheelCollectionViewCell.swift in Sources */,
				DD0781842A13952E00D7A88B /* ViewController.swift in Sources */,
				DD0781942A13954100D7A88B /* SpinningWheelLayout.swift in Sources */,
				DD0781802A13952E00D7A88B /* AppDelegate.swift in Sources */,
				DD0781822A13952E00D7A88B /* SceneDelegate.swift in Sources */,
			);
			runOnlyForDeploymentPostprocessing = 0;
		};
/* End PBXSourcesBuildPhase section */

/* Begin PBXVariantGroup section */
		DD0781852A13952E00D7A88B /* Main.storyboard */ = {
			isa = PBXVariantGroup;
			children = (
				DD0781862A13952E00D7A88B /* Base */,
			);
			name = Main.storyboard;
			sourceTree = "<group>";
		};
		DD07818A2A13952F00D7A88B /* LaunchScreen.storyboard */ = {
			isa = PBXVariantGroup;
			children = (
				DD07818B2A13952F00D7A88B /* Base */,
			);
			name = LaunchScreen.storyboard;
			sourceTree = "<group>";
		};
/* End PBXVariantGroup section */

/* Begin XCBuildConfiguration section */
		DD07818E2A13952F00D7A88B /* Debug */ = {
			isa = XCBuildConfiguration;
			buildSettings = {
				ALWAYS_SEARCH_USER_PATHS = NO;
				CLANG_ANALYZER_NONNULL = YES;
				CLANG_ANALYZER_NUMBER_OBJECT_CONVERSION = YES_AGGRESSIVE;
				CLANG_CXX_LANGUAGE_STANDARD = "gnu++20";
				CLANG_ENABLE_MODULES = YES;
				CLANG_ENABLE_OBJC_ARC = YES;
				CLANG_ENABLE_OBJC_WEAK = YES;
				CLANG_WARN_BLOCK_CAPTURE_AUTORELEASING = YES;
				CLANG_WARN_BOOL_CONVERSION = YES;
				CLANG_WARN_COMMA = YES;
				CLANG_WARN_CONSTANT_CONVERSION = YES;
				CLANG_WARN_DEPRECATED_OBJC_IMPLEMENTATIONS = YES;
				CLANG_WARN_DIRECT_OBJC_ISA_USAGE = YES_ERROR;
				CLANG_WARN_DOCUMENTATION_COMMENTS = YES;
				CLANG_WARN_EMPTY_BODY = YES;
				CLANG_WARN_ENUM_CONVERSION = YES;
				CLANG_WARN_INFINITE_RECURSION = YES;
				CLANG_WARN_INT_CONVERSION = YES;
				CLANG_WARN_NON_LITERAL_NULL_CONVERSION = YES;
				CLANG_WARN_OBJC_IMPLICIT_RETAIN_SELF = YES;
				CLANG_WARN_OBJC_LITERAL_CONVERSION = YES;
				CLANG_WARN_OBJC_ROOT_CLASS = YES_ERROR;
				CLANG_WARN_QUOTED_INCLUDE_IN_FRAMEWORK_HEADER = YES;
				CLANG_WARN_RANGE_LOOP_ANALYSIS = YES;
				CLANG_WARN_STRICT_PROTOTYPES = YES;
				CLANG_WARN_SUSPICIOUS_MOVE = YES;
				CLANG_WARN_UNGUARDED_AVAILABILITY = YES_AGGRESSIVE;
				CLANG_WARN_UNREACHABLE_CODE = YES;
				CLANG_WARN__DUPLICATE_METHOD_MATCH = YES;
				COPY_PHASE_STRIP = NO;
				DEBUG_INFORMATION_FORMAT = dwarf;
				ENABLE_STRICT_OBJC_MSGSEND = YES;
				ENABLE_TESTABILITY = YES;
				GCC_C_LANGUAGE_STANDARD = gnu11;
				GCC_DYNAMIC_NO_PIC = NO;
				GCC_NO_COMMON_BLOCKS = YES;
				GCC_OPTIMIZATION_LEVEL = 0;
				GCC_PREPROCESSOR_DEFINITIONS = (
					"DEBUG=1",
					"$(inherited)",
				);
				GCC_WARN_64_TO_32_BIT_CONVERSION = YES;
				GCC_WARN_ABOUT_RETURN_TYPE = YES_ERROR;
				GCC_WARN_UNDECLARED_SELECTOR = YES;
				GCC_WARN_UNINITIALIZED_AUTOS = YES_AGGRESSIVE;
				GCC_WARN_UNUSED_FUNCTION = YES;
				GCC_WARN_UNUSED_VARIABLE = YES;
				IPHONEOS_DEPLOYMENT_TARGET = 16.4;
				MTL_ENABLE_DEBUG_INFO = INCLUDE_SOURCE;
				MTL_FAST_MATH = YES;
				ONLY_ACTIVE_ARCH = YES;
				SDKROOT = iphoneos;
				SWIFT_ACTIVE_COMPILATION_CONDITIONS = DEBUG;
				SWIFT_OPTIMIZATION_LEVEL = "-Onone";
			};
			name = Debug;
		};
		DD07818F2A13952F00D7A88B /* Release */ = {
			isa = XCBuildConfiguration;
			buildSettings = {
				ALWAYS_SEARCH_USER_PATHS = NO;
				CLANG_ANALYZER_NONNULL = YES;
				CLANG_ANALYZER_NUMBER_OBJECT_CONVERSION = YES_AGGRESSIVE;
				CLANG_CXX_LANGUAGE_STANDARD = "gnu++20";
				CLANG_ENABLE_MODULES = YES;
				CLANG_ENABLE_OBJC_ARC = YES;
				CLANG_ENABLE_OBJC_WEAK = YES;
				CLANG_WARN_BLOCK_CAPTURE_AUTORELEASING = YES;
				CLANG_WARN_BOOL_CONVERSION = YES;
				CLANG_WARN_COMMA = YES;
				CLANG_WARN_CONSTANT_CONVERSION = YES;
				CLANG_WARN_DEPRECATED_OBJC_IMPLEMENTATIONS = YES;
				CLANG_WARN_DIRECT_OBJC_ISA_USAGE = YES_ERROR;
				CLANG_WARN_DOCUMENTATION_COMMENTS = YES;
				CLANG_WARN_EMPTY_BODY = YES;
				CLANG_WARN_ENUM_CONVERSION = YES;
				CLANG_WARN_INFINITE_RECURSION = YES;
				CLANG_WARN_INT_CONVERSION = YES;
				CLANG_WARN_NON_LITERAL_NULL_CONVERSION = YES;
				CLANG_WARN_OBJC_IMPLICIT_RETAIN_SELF = YES;
				CLANG_WARN_OBJC_LITERAL_CONVERSION = YES;
				CLANG_WARN_OBJC_ROOT_CLASS = YES_ERROR;
				CLANG_WARN_QUOTED_INCLUDE_IN_FRAMEWORK_HEADER = YES;
				CLANG_WARN_RANGE_LOOP_ANALYSIS = YES;
				CLANG_WARN_STRICT_PROTOTYPES = YES;
				CLANG_WARN_SUSPICIOUS_MOVE = YES;
				CLANG_WARN_UNGUARDED_AVAILABILITY = YES_AGGRESSIVE;
				CLANG_WARN_UNREACHABLE_CODE = YES;
				CLANG_WARN__DUPLICATE_METHOD_MATCH = YES;
				COPY_PHASE_STRIP = NO;
				DEBUG_INFORMATION_FORMAT = "dwarf-with-dsym";
				ENABLE_NS_ASSERTIONS = NO;
				ENABLE_STRICT_OBJC_MSGSEND = YES;
				GCC_C_LANGUAGE_STANDARD = gnu11;
				GCC_NO_COMMON_BLOCKS = YES;
				GCC_WARN_64_TO_32_BIT_CONVERSION = YES;
				GCC_WARN_ABOUT_RETURN_TYPE = YES_ERROR;
				GCC_WARN_UNDECLARED_SELECTOR = YES;
				GCC_WARN_UNINITIALIZED_AUTOS = YES_AGGRESSIVE;
				GCC_WARN_UNUSED_FUNCTION = YES;
				GCC_WARN_UNUSED_VARIABLE = YES;
				IPHONEOS_DEPLOYMENT_TARGET = 16.4;
				MTL_ENABLE_DEBUG_INFO = NO;
				MTL_FAST_MATH = YES;
				SDKROOT = iphoneos;
				SWIFT_COMPILATION_MODE = wholemodule;
				SWIFT_OPTIMIZATION_LEVEL = "-O";
				VALIDATE_PRODUCT = YES;
			};
			name = Release;
		};
		DD0781912A13952F00D7A88B /* Debug */ = {
			isa = XCBuildConfiguration;
			buildSettings = {
				ASSETCATALOG_COMPILER_APPICON_NAME = AppIcon;
				ASSETCATALOG_COMPILER_GLOBAL_ACCENT_COLOR_NAME = AccentColor;
				CODE_SIGN_STYLE = Automatic;
				CURRENT_PROJECT_VERSION = 1;
				DEVELOPMENT_TEAM = Z7W5FG75SL;
				GENERATE_INFOPLIST_FILE = YES;
				INFOPLIST_FILE = SpinningWheel/Info.plist;
				INFOPLIST_KEY_UIApplicationSupportsIndirectInputEvents = YES;
				INFOPLIST_KEY_UILaunchStoryboardName = LaunchScreen;
				INFOPLIST_KEY_UIMainStoryboardFile = Main;
				INFOPLIST_KEY_UISupportedInterfaceOrientations_iPad = "UIInterfaceOrientationPortrait UIInterfaceOrientationPortraitUpsideDown UIInterfaceOrientationLandscapeLeft UIInterfaceOrientationLandscapeRight";
				INFOPLIST_KEY_UISupportedInterfaceOrientations_iPhone = "UIInterfaceOrientationPortrait UIInterfaceOrientationLandscapeLeft UIInterfaceOrientationLandscapeRight";
				LD_RUNPATH_SEARCH_PATHS = (
					"$(inherited)",
					"@executable_path/Frameworks",
				);
				MARKETING_VERSION = 1.0;
				PRODUCT_BUNDLE_IDENTIFIER = nikitalazarev.test.SpinningWheel;
				PRODUCT_NAME = "$(TARGET_NAME)";
				SWIFT_EMIT_LOC_STRINGS = YES;
				SWIFT_VERSION = 5.0;
				TARGETED_DEVICE_FAMILY = "1,2";
			};
			name = Debug;
		};
		DD0781922A13952F00D7A88B /* Release */ = {
			isa = XCBuildConfiguration;
			buildSettings = {
				ASSETCATALOG_COMPILER_APPICON_NAME = AppIcon;
				ASSETCATALOG_COMPILER_GLOBAL_ACCENT_COLOR_NAME = AccentColor;
				CODE_SIGN_STYLE = Automatic;
				CURRENT_PROJECT_VERSION = 1;
				DEVELOPMENT_TEAM = Z7W5FG75SL;
				GENERATE_INFOPLIST_FILE = YES;
				INFOPLIST_FILE = SpinningWheel/Info.plist;
				INFOPLIST_KEY_UIApplicationSupportsIndirectInputEvents = YES;
				INFOPLIST_KEY_UILaunchStoryboardName = LaunchScreen;
				INFOPLIST_KEY_UIMainStoryboardFile = Main;
				INFOPLIST_KEY_UISupportedInterfaceOrientations_iPad = "UIInterfaceOrientationPortrait UIInterfaceOrientationPortraitUpsideDown UIInterfaceOrientationLandscapeLeft UIInterfaceOrientationLandscapeRight";
				INFOPLIST_KEY_UISupportedInterfaceOrientations_iPhone = "UIInterfaceOrientationPortrait UIInterfaceOrientationLandscapeLeft UIInterfaceOrientationLandscapeRight";
				LD_RUNPATH_SEARCH_PATHS = (
					"$(inherited)",
					"@executable_path/Frameworks",
				);
				MARKETING_VERSION = 1.0;
				PRODUCT_BUNDLE_IDENTIFIER = nikitalazarev.test.SpinningWheel;
				PRODUCT_NAME = "$(TARGET_NAME)";
				SWIFT_EMIT_LOC_STRINGS = YES;
				SWIFT_VERSION = 5.0;
				TARGETED_DEVICE_FAMILY = "1,2";
			};
			name = Release;
		};
/* End XCBuildConfiguration section */

/* Begin XCConfigurationList section */
		DD0781772A13952E00D7A88B /* Build configuration list for PBXProject "SpinningWheel" */ = {
			isa = XCConfigurationList;
			buildConfigurations = (
				DD07818E2A13952F00D7A88B /* Debug */,
				DD07818F2A13952F00D7A88B /* Release */,
			);
			defaultConfigurationIsVisible = 0;
			defaultConfigurationName = Release;
		};
		DD0781902A13952F00D7A88B /* Build configuration list for PBXNativeTarget "SpinningWheel" */ = {
			isa = XCConfigurationList;
			buildConfigurations = (
				DD0781912A13952F00D7A88B /* Debug */,
				DD0781922A13952F00D7A88B /* Release */,
			);
			defaultConfigurationIsVisible = 0;
			defaultConfigurationName = Release;
		};
/* End XCConfigurationList section */
	};
	rootObject = DD0781742A13952E00D7A88B /* Project object */;
}
